{
  "requires": true,
  "lockfileVersion": 1,
  "dependencies": {
    "@opendocsg/pdf2md": {
      "version": "0.1.21",
      "resolved": "https://registry.npmjs.org/@opendocsg/pdf2md/-/pdf2md-0.1.21.tgz",
      "integrity": "sha512-IqDUeMuJGOnp32JJHntw9r7KPtnSzvSdoM1vvmB65J3NmdE7oxMt8kR6No0f8g+jXw/TFHPuGNuZawQ/+yrzeg==",
      "requires": {
        "enumify": "^1.0.4",
        "minimist": "^1.2.5",
        "pdfjs-dist": "^2.5.207"
      }
    },
    "enumify": {
      "version": "1.0.4",
      "resolved": "https://registry.npmjs.org/enumify/-/enumify-1.0.4.tgz",
      "integrity": "sha1-K7YmMHHdRVHlTFV1Vwf60kpAzX4="
    },
    "minimist": {
      "version": "1.2.5",
      "resolved": "https://registry.npmjs.org/minimist/-/minimist-1.2.5.tgz",
      "integrity": "sha512-FM9nNUYrRBAELZQT3xeZQ7fmMOBg6nWNmJKTcgsJeaLstP/UODVpGsr5OhXhhXg6f+qtJ8uiZ+PUxkDWcgIXLw=="
    },
    "pdfjs-dist": {
      "version": "2.6.347",
      "resolved": "https://registry.npmjs.org/pdfjs-dist/-/pdfjs-dist-2.6.347.tgz",
      "integrity": "sha512-QC+h7hG2su9v/nU1wEI3SnpPIrqJODL7GTDFvR74ANKGq1AFJW16PH8VWnhpiTi9YcLSFV9xLeWSgq+ckHLdVQ=="
    }
  }
}
